
Microsoft Visual Studio Solution File, Format Version 12.00
#
Project("{FAE04EC0-301F-11D3-BF4B-00C04F79EFBC}") = "TransitWeb", "TransitWeb\TransitWeb.csproj", "{DA1B73A1-9B61-4C62-9EB4-B4A3FF6980C7}"
EndProject
Project("{FAE04EC0-301F-11D3-BF4B-00C04F79EFBC}") = "RealTimeDataCrawler", "RealTimeDataCrawler\RealTimeDataCrawler.csproj", "{4BC68B1E-F133-4C78-81FA-B07B1EE4E614}"
EndProject
Project("{FAE04EC0-301F-11D3-BF4B-00C04F79EFBC}") = "RealTimeModels", "RealTimeModels\RealTimeModels.csproj", "{5FBE03FC-1A14-4317-9B20-465976BA0D96}"
EndProject
Project("{FAE04EC0-301F-11D3-BF4B-00C04F79EFBC}") = "RealTimeToDotMatrix", "RealTimeToDotMatrix\RealTimeToDotMatrix.csproj", "{255C84A6-088C-495A-A61A-D8048A42D4ED}"
EndProject
Project("{FAE04EC0-301F-11D3-BF4B-00C04F79EFBC}") = "Animator", "Animator\Animator.csproj", "{171808B1-0475-4653-87F2-D73A8B20689D}"
EndProject
Project("{FAE04EC0-301F-11D3-BF4B-00C04F79EFBC}") = "TransitApi", "TransitApi\TransitApi.csproj", "{EF85351B-0E31-4264-8A04-946443B0519E}"
EndProject
Project("{FAE04EC0-301F-11D3-BF4B-00C04F79EFBC}") = "TransitWebViewer", "TransitWebViewer\TransitWebViewer.csproj", "{78CEFC35-55AB-43D4-96E3-F0B6C38093FE}"
EndProject
Project("{FAE04EC0-301F-11D3-BF4B-00C04F79EFBC}") = "DotMatrixDisplay", "DotMatrixDisplay\DotMatrixDisplay.csproj", "{21D36994-381B-49F5-B900-9277F19A693C}"
EndProject
Project("{FAE04EC0-301F-11D3-BF4B-00C04F79EFBC}") = "Timetables", "Timetables\Timetables.csproj", "{157EC221-D03D-4349-9988-97138E2C9D54}"
EndProject
Global
	GlobalSection(SolutionConfigurationPlatforms) = preSolution
		Debug|Any CPU = Debug|Any CPU
		Release|Any CPU = Release|Any CPU
	EndGlobalSection
	GlobalSection(ProjectConfigurationPlatforms) = postSolution
		{DA1B73A1-9B61-4C62-9EB4-B4A3FF6980C7}.Debug|Any CPU.ActiveCfg = Debug|Any CPU
		{DA1B73A1-9B61-4C62-9EB4-B4A3FF6980C7}.Debug|Any CPU.Build.0 = Debug|Any CPU
		{DA1B73A1-9B61-4C62-9EB4-B4A3FF6980C7}.Release|Any CPU.ActiveCfg = Release|Any CPU
		{DA1B73A1-9B61-4C62-9EB4-B4A3FF6980C7}.Release|Any CPU.Build.0 = Release|Any CPU
		{4BC68B1E-F133-4C78-81FA-B07B1EE4E614}.Debug|Any CPU.ActiveCfg = Debug|Any CPU
		{4BC68B1E-F133-4C78-81FA-B07B1EE4E614}.Debug|Any CPU.Build.0 = Debug|Any CPU
		{4BC68B1E-F133-4C78-81FA-B07B1EE4E614}.Release|Any CPU.ActiveCfg = Release|Any CPU
		{4BC68B1E-F133-4C78-81FA-B07B1EE4E614}.Release|Any CPU.Build.0 = Release|Any CPU
		{5FBE03FC-1A14-4317-9B20-465976BA0D96}.Debug|Any CPU.ActiveCfg = Debug|Any CPU
		{5FBE03FC-1A14-4317-9B20-465976BA0D96}.Debug|Any CPU.Build.0 = Debug|Any CPU
		{5FBE03FC-1A14-4317-9B20-465976BA0D96}.Release|Any CPU.ActiveCfg = Release|Any CPU
		{5FBE03FC-1A14-4317-9B20-465976BA0D96}.Release|Any CPU.Build.0 = Release|Any CPU
		{255C84A6-088C-495A-A61A-D8048A42D4ED}.Debug|Any CPU.ActiveCfg = Debug|Any CPU
		{255C84A6-088C-495A-A61A-D8048A42D4ED}.Debug|Any CPU.Build.0 = Debug|Any CPU
		{255C84A6-088C-495A-A61A-D8048A42D4ED}.Release|Any CPU.ActiveCfg = Release|Any CPU
		{255C84A6-088C-495A-A61A-D8048A42D4ED}.Release|Any CPU.Build.0 = Release|Any CPU
		{171808B1-0475-4653-87F2-D73A8B20689D}.Debug|Any CPU.ActiveCfg = Debug|Any CPU
		{171808B1-0475-4653-87F2-D73A8B20689D}.Debug|Any CPU.Build.0 = Debug|Any CPU
		{171808B1-0475-4653-87F2-D73A8B20689D}.Release|Any CPU.ActiveCfg = Release|Any CPU
		{171808B1-0475-4653-87F2-D73A8B20689D}.Release|Any CPU.Build.0 = Release|Any CPU
		{EF85351B-0E31-4264-8A04-946443B0519E}.Debug|Any CPU.ActiveCfg = Debug|Any CPU
		{EF85351B-0E31-4264-8A04-946443B0519E}.Debug|Any CPU.Build.0 = Debug|Any CPU
		{EF85351B-0E31-4264-8A04-946443B0519E}.Release|Any CPU.ActiveCfg = Release|Any CPU
		{EF85351B-0E31-4264-8A04-946443B0519E}.Release|Any CPU.Build.0 = Release|Any CPU
		{78CEFC35-55AB-43D4-96E3-F0B6C38093FE}.Debug|Any CPU.ActiveCfg = Debug|Any CPU
		{78CEFC35-55AB-43D4-96E3-F0B6C38093FE}.Debug|Any CPU.Build.0 = Debug|Any CPU
		{78CEFC35-55AB-43D4-96E3-F0B6C38093FE}.Release|Any CPU.ActiveCfg = Release|Any CPU
		{78CEFC35-55AB-43D4-96E3-F0B6C38093FE}.Release|Any CPU.Build.0 = Release|Any CPU
		{21D36994-381B-49F5-B900-9277F19A693C}.Debug|Any CPU.ActiveCfg = Debug|Any CPU
		{21D36994-381B-49F5-B900-9277F19A693C}.Debug|Any CPU.Build.0 = Debug|Any CPU
		{21D36994-381B-49F5-B900-9277F19A693C}.Release|Any CPU.ActiveCfg = Release|Any CPU
		{21D36994-381B-49F5-B900-9277F19A693C}.Release|Any CPU.Build.0 = Release|Any CPU
		{157EC221-D03D-4349-9988-97138E2C9D54}.Debug|Any CPU.ActiveCfg = Debug|Any CPU
		{157EC221-D03D-4349-9988-97138E2C9D54}.Debug|Any CPU.Build.0 = Debug|Any CPU
		{157EC221-D03D-4349-9988-97138E2C9D54}.Release|Any CPU.ActiveCfg = Release|Any CPU
		{157EC221-D03D-4349-9988-97138E2C9D54}.Release|Any CPU.Build.0 = Release|Any CPU
	EndGlobalSection
EndGlobal
